
Microsoft Visual Studio Solution File, Format Version 12.00
# Visual Studio Version 17
VisualStudioVersion = 17.5.002.0
MinimumVisualStudioVersion = 10.0.40219.1
Project("{2150E333-8FDC-42A3-9474-1A3956D46DE8}") = "demo", "demo", "{69A63D77-9FAD-4726-9C45-658009D1452F}"
EndProject
Project("{9A19103F-16F7-4668-BE54-9A1E7A4F7556}") = "Contracts", "demo\Contracts\Contracts.csproj", "{C3ED1863-02D9-4DA3-9308-95848F27ADE0}"
EndProject
Project("{2150E333-8FDC-42A3-9474-1A3956D46DE8}") = "src", "src", "{57E080D7-2E5A-4128-A03F-D848C75E707E}"
EndProject
Project("{9A19103F-16F7-4668-BE54-9A1E7A4F7556}") = "Aoxe.ZeroMQ", "src\Aoxe.ZeroMQ\Aoxe.ZeroMQ.csproj", "{E54F3E9D-069C-4B9F-A7CB-480647259881}"
EndProject
Project("{9A19103F-16F7-4668-BE54-9A1E7A4F7556}") = "Aoxe.ZeroMQ.Abstractions", "src\Aoxe.ZeroMQ.Abstractions\Aoxe.ZeroMQ.Abstractions.csproj", "{E8B2E841-E5F3-493E-9FBF-A0ED194BA5FD}"
EndProject
Project("{9A19103F-16F7-4668-BE54-9A1E7A4F7556}") = "Aoxe.ZeroMQ.Client", "src\Aoxe.ZeroMQ.Client\Aoxe.ZeroMQ.Client.csproj", "{7ED605D1-CADD-49F7-B0C5-A3C624FA4D45}"
EndProject
Project("{2150E333-8FDC-42A3-9474-1A3956D46DE8}") = "tests", "tests", "{2A2950F0-F38B-42FF-BEDD-DC240A7743F8}"
EndProject
Project("{9A19103F-16F7-4668-BE54-9A1E7A4F7556}") = "Aoxe.ZeroMQ.Test", "tests\Aoxe.ZeroMQ.Test\Aoxe.ZeroMQ.Test.csproj", "{E94BF1D4-3435-42FA-B552-9BB90E1E72EA}"
EndProject
Project("{9A19103F-16F7-4668-BE54-9A1E7A4F7556}") = "TestModels", "tests\TestModels\TestModels.csproj", "{5EB66DF3-0D2C-490D-AAC9-2A55A60C15D6}"
EndProject
Project("{2150E333-8FDC-42A3-9474-1A3956D46DE8}") = "Pair", "Pair", "{C1FE7280-C9D6-41A7-AC49-6C019A108CF8}"
EndProject
Project("{9A19103F-16F7-4668-BE54-9A1E7A4F7556}") = "PairClient", "demo\Pair\PairClient\PairClient.csproj", "{68C3CB3C-1606-4152-8F51-83D6E14CB472}"
EndProject
Project("{9A19103F-16F7-4668-BE54-9A1E7A4F7556}") = "PairServer", "demo\Pair\PairServer\PairServer.csproj", "{A34379F6-E1DB-4138-9FBD-DDC606C1841F}"
EndProject
Project("{2150E333-8FDC-42A3-9474-1A3956D46DE8}") = "Pipeline", "Pipeline", "{D9AA4958-8AAA-40E5-828E-81DDAE989FEC}"
EndProject
Project("{2150E333-8FDC-42A3-9474-1A3956D46DE8}") = "PushPull", "PushPull", "{09C54790-CCAF-4EB7-9566-2D8C1610374B}"
EndProject
Project("{9A19103F-16F7-4668-BE54-9A1E7A4F7556}") = "Puller", "demo\Pipeline\PushPull\Puller\Puller.csproj", "{8465A8FB-0AAF-48D3-9394-86576B0DA4A2}"
EndProject
Project("{9A19103F-16F7-4668-BE54-9A1E7A4F7556}") = "Pusher", "demo\Pipeline\PushPull\Pusher\Pusher.csproj", "{BD869B03-19EC-40D3-8040-5E55FD5C47EB}"
EndProject
Project("{9A19103F-16F7-4668-BE54-9A1E7A4F7556}") = "Sink", "demo\Pipeline\PushPull\Sink\Sink.csproj", "{3B10CA35-34AD-4B0F-8D8D-643B9625B7E9}"
EndProject
Project("{9A19103F-16F7-4668-BE54-9A1E7A4F7556}") = "Ventilator", "demo\Pipeline\PushPull\Ventilator\Ventilator.csproj", "{04F819C0-7140-4C36-A5ED-74A884410D22}"
EndProject
Project("{9A19103F-16F7-4668-BE54-9A1E7A4F7556}") = "Worker", "demo\Pipeline\PushPull\Worker\Worker.csproj", "{C4425538-F34F-4A96-A1E8-21BE10B4DA53}"
EndProject
Project("{2150E333-8FDC-42A3-9474-1A3956D46DE8}") = "ScatterGather", "ScatterGather", "{C86A6BF9-896E-4068-BD2F-EC8DD82E7452}"
EndProject
Project("{9A19103F-16F7-4668-BE54-9A1E7A4F7556}") = "Gather", "demo\Pipeline\ScatterGather\Gather\Gather.csproj", "{F5E31FD2-3297-488A-AACA-A16F6E5267B7}"
EndProject
Project("{9A19103F-16F7-4668-BE54-9A1E7A4F7556}") = "Scatter", "demo\Pipeline\ScatterGather\Scatter\Scatter.csproj", "{39FBA2DE-5FB3-444C-9A0B-067AD4CAE650}"
EndProject
Project("{9A19103F-16F7-4668-BE54-9A1E7A4F7556}") = "ScatterGather", "demo\Pipeline\ScatterGather\ScatterGather\ScatterGather.csproj", "{BC234579-0BBA-4E0F-8893-C484D688C313}"
EndProject
Project("{2150E333-8FDC-42A3-9474-1A3956D46DE8}") = "PublishSubscribe", "PublishSubscribe", "{57A51C71-F8FC-4AE4-BCFC-487B15D6C345}"
EndProject
Project("{2150E333-8FDC-42A3-9474-1A3956D46DE8}") = "PublisherSubscriber", "PublisherSubscriber", "{C5A752FF-A1E4-4D81-BFC6-26B845CF1823}"
EndProject
Project("{9A19103F-16F7-4668-BE54-9A1E7A4F7556}") = "Publisher", "demo\PublishSubscribe\PublisherSubscriber\Publisher\Publisher.csproj", "{AD9FD211-EDA8-480F-96BD-5A275C4F9FDB}"
EndProject
Project("{9A19103F-16F7-4668-BE54-9A1E7A4F7556}") = "Subscriber", "demo\PublishSubscribe\PublisherSubscriber\Subscriber\Subscriber.csproj", "{AC8C3385-0A7F-4E1F-9085-D9CC75BD2DB8}"
EndProject
Project("{2150E333-8FDC-42A3-9474-1A3956D46DE8}") = "RadioDish", "RadioDish", "{8CB22E53-D7C2-4026-9939-1D0E5208D0E8}"
EndProject
Project("{9A19103F-16F7-4668-BE54-9A1E7A4F7556}") = "Dish", "demo\PublishSubscribe\RadioDish\Dish\Dish.csproj", "{2E2F7CAE-44F4-4039-9743-59E042963E78}"
EndProject
Project("{9A19103F-16F7-4668-BE54-9A1E7A4F7556}") = "Radio", "demo\PublishSubscribe\RadioDish\Radio\Radio.csproj", "{5FC2C0A7-6E87-4A6A-9447-44250FEA80CF}"
EndProject
Project("{2150E333-8FDC-42A3-9474-1A3956D46DE8}") = "RequestReply", "RequestReply", "{B010C8C5-4383-4F42-866C-AC08D6F3EEA0}"
EndProject
Project("{2150E333-8FDC-42A3-9474-1A3956D46DE8}") = "ClientServer", "ClientServer", "{4EEE9EAF-4B2E-4150-93DF-DD9920326A8A}"
EndProject
Project("{9A19103F-16F7-4668-BE54-9A1E7A4F7556}") = "Client", "demo\RequestReply\ClientServer\Client\Client.csproj", "{458965DC-43D7-4CC9-A7FE-4674D95FBC75}"
EndProject
Project("{9A19103F-16F7-4668-BE54-9A1E7A4F7556}") = "ClientServer", "demo\RequestReply\ClientServer\ClientServer\ClientServer.csproj", "{700729E3-D3B9-4AA0-94FA-F0350D87CA16}"
EndProject
Project("{9A19103F-16F7-4668-BE54-9A1E7A4F7556}") = "Server", "demo\RequestReply\ClientServer\Server\Server.csproj", "{CFD0D95B-24F6-4B7F-85F6-F15275FE64FE}"
EndProject
Project("{2150E333-8FDC-42A3-9474-1A3956D46DE8}") = "RequestResponse", "RequestResponse", "{7F118E03-56DA-4A4E-B2B0-246B1F2A2126}"
EndProject
Project("{9A19103F-16F7-4668-BE54-9A1E7A4F7556}") = "Request", "demo\RequestReply\RequestResponse\Request\Request.csproj", "{E6186578-458E-4CAA-B809-F61F0811866A}"
EndProject
Project("{9A19103F-16F7-4668-BE54-9A1E7A4F7556}") = "Response", "demo\RequestReply\RequestResponse\Response\Response.csproj", "{A9801707-5FFA-4414-8DD0-1A67C0AC9B8F}"
EndProject
Project("{2150E333-8FDC-42A3-9474-1A3956D46DE8}") = "RouterDealer", "RouterDealer", "{0BA8856B-B39D-4429-B29D-6B83320B1CED}"
EndProject
Project("{9A19103F-16F7-4668-BE54-9A1E7A4F7556}") = "RouterDealer", "demo\RequestReply\RouterDealer\RouterDealer\RouterDealer.csproj", "{62370386-E385-4DF7-AF17-C99E1EED7A59}"
EndProject
Global
	GlobalSection(SolutionConfigurationPlatforms) = preSolution
		Debug|Any CPU = Debug|Any CPU
		Release|Any CPU = Release|Any CPU
	EndGlobalSection
	GlobalSection(ProjectConfigurationPlatforms) = postSolution
		{C3ED1863-02D9-4DA3-9308-95848F27ADE0}.Debug|Any CPU.ActiveCfg = Debug|Any CPU
		{C3ED1863-02D9-4DA3-9308-95848F27ADE0}.Debug|Any CPU.Build.0 = Debug|Any CPU
		{C3ED1863-02D9-4DA3-9308-95848F27ADE0}.Release|Any CPU.ActiveCfg = Release|Any CPU
		{C3ED1863-02D9-4DA3-9308-95848F27ADE0}.Release|Any CPU.Build.0 = Release|Any CPU
		{E54F3E9D-069C-4B9F-A7CB-480647259881}.Debug|Any CPU.ActiveCfg = Debug|Any CPU
		{E54F3E9D-069C-4B9F-A7CB-480647259881}.Debug|Any CPU.Build.0 = Debug|Any CPU
		{E54F3E9D-069C-4B9F-A7CB-480647259881}.Release|Any CPU.ActiveCfg = Release|Any CPU
		{E54F3E9D-069C-4B9F-A7CB-480647259881}.Release|Any CPU.Build.0 = Release|Any CPU
		{E8B2E841-E5F3-493E-9FBF-A0ED194BA5FD}.Debug|Any CPU.ActiveCfg = Debug|Any CPU
		{E8B2E841-E5F3-493E-9FBF-A0ED194BA5FD}.Debug|Any CPU.Build.0 = Debug|Any CPU
		{E8B2E841-E5F3-493E-9FBF-A0ED194BA5FD}.Release|Any CPU.ActiveCfg = Release|Any CPU
		{E8B2E841-E5F3-493E-9FBF-A0ED194BA5FD}.Release|Any CPU.Build.0 = Release|Any CPU
		{7ED605D1-CADD-49F7-B0C5-A3C624FA4D45}.Debug|Any CPU.ActiveCfg = Debug|Any CPU
		{7ED605D1-CADD-49F7-B0C5-A3C624FA4D45}.Debug|Any CPU.Build.0 = Debug|Any CPU
		{7ED605D1-CADD-49F7-B0C5-A3C624FA4D45}.Release|Any CPU.ActiveCfg = Release|Any CPU
		{7ED605D1-CADD-49F7-B0C5-A3C624FA4D45}.Release|Any CPU.Build.0 = Release|Any CPU
		{E94BF1D4-3435-42FA-B552-9BB90E1E72EA}.Debug|Any CPU.ActiveCfg = Debug|Any CPU
		{E94BF1D4-3435-42FA-B552-9BB90E1E72EA}.Debug|Any CPU.Build.0 = Debug|Any CPU
		{E94BF1D4-3435-42FA-B552-9BB90E1E72EA}.Release|Any CPU.ActiveCfg = Release|Any CPU
		{E94BF1D4-3435-42FA-B552-9BB90E1E72EA}.Release|Any CPU.Build.0 = Release|Any CPU
		{5EB66DF3-0D2C-490D-AAC9-2A55A60C15D6}.Debug|Any CPU.ActiveCfg = Debug|Any CPU
		{5EB66DF3-0D2C-490D-AAC9-2A55A60C15D6}.Debug|Any CPU.Build.0 = Debug|Any CPU
		{5EB66DF3-0D2C-490D-AAC9-2A55A60C15D6}.Release|Any CPU.ActiveCfg = Release|Any CPU
		{5EB66DF3-0D2C-490D-AAC9-2A55A60C15D6}.Release|Any CPU.Build.0 = Release|Any CPU
		{68C3CB3C-1606-4152-8F51-83D6E14CB472}.Debug|Any CPU.ActiveCfg = Debug|Any CPU
		{68C3CB3C-1606-4152-8F51-83D6E14CB472}.Debug|Any CPU.Build.0 = Debug|Any CPU
		{68C3CB3C-1606-4152-8F51-83D6E14CB472}.Release|Any CPU.ActiveCfg = Release|Any CPU
		{68C3CB3C-1606-4152-8F51-83D6E14CB472}.Release|Any CPU.Build.0 = Release|Any CPU
		{A34379F6-E1DB-4138-9FBD-DDC606C1841F}.Debug|Any CPU.ActiveCfg = Debug|Any CPU
		{A34379F6-E1DB-4138-9FBD-DDC606C1841F}.Debug|Any CPU.Build.0 = Debug|Any CPU
		{A34379F6-E1DB-4138-9FBD-DDC606C1841F}.Release|Any CPU.ActiveCfg = Release|Any CPU
		{A34379F6-E1DB-4138-9FBD-DDC606C1841F}.Release|Any CPU.Build.0 = Release|Any CPU
		{8465A8FB-0AAF-48D3-9394-86576B0DA4A2}.Debug|Any CPU.ActiveCfg = Debug|Any CPU
		{8465A8FB-0AAF-48D3-9394-86576B0DA4A2}.Debug|Any CPU.Build.0 = Debug|Any CPU
		{8465A8FB-0AAF-48D3-9394-86576B0DA4A2}.Release|Any CPU.ActiveCfg = Release|Any CPU
		{8465A8FB-0AAF-48D3-9394-86576B0DA4A2}.Release|Any CPU.Build.0 = Release|Any CPU
		{BD869B03-19EC-40D3-8040-5E55FD5C47EB}.Debug|Any CPU.ActiveCfg = Debug|Any CPU
		{BD869B03-19EC-40D3-8040-5E55FD5C47EB}.Debug|Any CPU.Build.0 = Debug|Any CPU
		{BD869B03-19EC-40D3-8040-5E55FD5C47EB}.Release|Any CPU.ActiveCfg = Release|Any CPU
		{BD869B03-19EC-40D3-8040-5E55FD5C47EB}.Release|Any CPU.Build.0 = Release|Any CPU
		{3B10CA35-34AD-4B0F-8D8D-643B9625B7E9}.Debug|Any CPU.ActiveCfg = Debug|Any CPU
		{3B10CA35-34AD-4B0F-8D8D-643B9625B7E9}.Debug|Any CPU.Build.0 = Debug|Any CPU
		{3B10CA35-34AD-4B0F-8D8D-643B9625B7E9}.Release|Any CPU.ActiveCfg = Release|Any CPU
		{3B10CA35-34AD-4B0F-8D8D-643B9625B7E9}.Release|Any CPU.Build.0 = Release|Any CPU
		{04F819C0-7140-4C36-A5ED-74A884410D22}.Debug|Any CPU.ActiveCfg = Debug|Any CPU
		{04F819C0-7140-4C36-A5ED-74A884410D22}.Debug|Any CPU.Build.0 = Debug|Any CPU
		{04F819C0-7140-4C36-A5ED-74A884410D22}.Release|Any CPU.ActiveCfg = Release|Any CPU
		{04F819C0-7140-4C36-A5ED-74A884410D22}.Release|Any CPU.Build.0 = Release|Any CPU
		{C4425538-F34F-4A96-A1E8-21BE10B4DA53}.Debug|Any CPU.ActiveCfg = Debug|Any CPU
		{C4425538-F34F-4A96-A1E8-21BE10B4DA53}.Debug|Any CPU.Build.0 = Debug|Any CPU
		{C4425538-F34F-4A96-A1E8-21BE10B4DA53}.Release|Any CPU.ActiveCfg = Release|Any CPU
		{C4425538-F34F-4A96-A1E8-21BE10B4DA53}.Release|Any CPU.Build.0 = Release|Any CPU
		{F5E31FD2-3297-488A-AACA-A16F6E5267B7}.Debug|Any CPU.ActiveCfg = Debug|Any CPU
		{F5E31FD2-3297-488A-AACA-A16F6E5267B7}.Debug|Any CPU.Build.0 = Debug|Any CPU
		{F5E31FD2-3297-488A-AACA-A16F6E5267B7}.Release|Any CPU.ActiveCfg = Release|Any CPU
		{F5E31FD2-3297-488A-AACA-A16F6E5267B7}.Release|Any CPU.Build.0 = Release|Any CPU
		{39FBA2DE-5FB3-444C-9A0B-067AD4CAE650}.Debug|Any CPU.ActiveCfg = Debug|Any CPU
		{39FBA2DE-5FB3-444C-9A0B-067AD4CAE650}.Debug|Any CPU.Build.0 = Debug|Any CPU
		{39FBA2DE-5FB3-444C-9A0B-067AD4CAE650}.Release|Any CPU.ActiveCfg = Release|Any CPU
		{39FBA2DE-5FB3-444C-9A0B-067AD4CAE650}.Release|Any CPU.Build.0 = Release|Any CPU
		{BC234579-0BBA-4E0F-8893-C484D688C313}.Debug|Any CPU.ActiveCfg = Debug|Any CPU
		{BC234579-0BBA-4E0F-8893-C484D688C313}.Debug|Any CPU.Build.0 = Debug|Any CPU
		{BC234579-0BBA-4E0F-8893-C484D688C313}.Release|Any CPU.ActiveCfg = Release|Any CPU
		{BC234579-0BBA-4E0F-8893-C484D688C313}.Release|Any CPU.Build.0 = Release|Any CPU
		{AD9FD211-EDA8-480F-96BD-5A275C4F9FDB}.Debug|Any CPU.ActiveCfg = Debug|Any CPU
		{AD9FD211-EDA8-480F-96BD-5A275C4F9FDB}.Debug|Any CPU.Build.0 = Debug|Any CPU
		{AD9FD211-EDA8-480F-96BD-5A275C4F9FDB}.Release|Any CPU.ActiveCfg = Release|Any CPU
		{AD9FD211-EDA8-480F-96BD-5A275C4F9FDB}.Release|Any CPU.Build.0 = Release|Any CPU
		{AC8C3385-0A7F-4E1F-9085-D9CC75BD2DB8}.Debug|Any CPU.ActiveCfg = Debug|Any CPU
		{AC8C3385-0A7F-4E1F-9085-D9CC75BD2DB8}.Debug|Any CPU.Build.0 = Debug|Any CPU
		{AC8C3385-0A7F-4E1F-9085-D9CC75BD2DB8}.Release|Any CPU.ActiveCfg = Release|Any CPU
		{AC8C3385-0A7F-4E1F-9085-D9CC75BD2DB8}.Release|Any CPU.Build.0 = Release|Any CPU
		{2E2F7CAE-44F4-4039-9743-59E042963E78}.Debug|Any CPU.ActiveCfg = Debug|Any CPU
		{2E2F7CAE-44F4-4039-9743-59E042963E78}.Debug|Any CPU.Build.0 = Debug|Any CPU
		{2E2F7CAE-44F4-4039-9743-59E042963E78}.Release|Any CPU.ActiveCfg = Release|Any CPU
		{2E2F7CAE-44F4-4039-9743-59E042963E78}.Release|Any CPU.Build.0 = Release|Any CPU
		{5FC2C0A7-6E87-4A6A-9447-44250FEA80CF}.Debug|Any CPU.ActiveCfg = Debug|Any CPU
		{5FC2C0A7-6E87-4A6A-9447-44250FEA80CF}.Debug|Any CPU.Build.0 = Debug|Any CPU
		{5FC2C0A7-6E87-4A6A-9447-44250FEA80CF}.Release|Any CPU.ActiveCfg = Release|Any CPU
		{5FC2C0A7-6E87-4A6A-9447-44250FEA80CF}.Release|Any CPU.Build.0 = Release|Any CPU
		{458965DC-43D7-4CC9-A7FE-4674D95FBC75}.Debug|Any CPU.ActiveCfg = Debug|Any CPU
		{458965DC-43D7-4CC9-A7FE-4674D95FBC75}.Debug|Any CPU.Build.0 = Debug|Any CPU
		{458965DC-43D7-4CC9-A7FE-4674D95FBC75}.Release|Any CPU.ActiveCfg = Release|Any CPU
		{458965DC-43D7-4CC9-A7FE-4674D95FBC75}.Release|Any CPU.Build.0 = Release|Any CPU
		{700729E3-D3B9-4AA0-94FA-F0350D87CA16}.Debug|Any CPU.ActiveCfg = Debug|Any CPU
		{700729E3-D3B9-4AA0-94FA-F0350D87CA16}.Debug|Any CPU.Build.0 = Debug|Any CPU
		{700729E3-D3B9-4AA0-94FA-F0350D87CA16}.Release|Any CPU.ActiveCfg = Release|Any CPU
		{700729E3-D3B9-4AA0-94FA-F0350D87CA16}.Release|Any CPU.Build.0 = Release|Any CPU
		{CFD0D95B-24F6-4B7F-85F6-F15275FE64FE}.Debug|Any CPU.ActiveCfg = Debug|Any CPU
		{CFD0D95B-24F6-4B7F-85F6-F15275FE64FE}.Debug|Any CPU.Build.0 = Debug|Any CPU
		{CFD0D95B-24F6-4B7F-85F6-F15275FE64FE}.Release|Any CPU.ActiveCfg = Release|Any CPU
		{CFD0D95B-24F6-4B7F-85F6-F15275FE64FE}.Release|Any CPU.Build.0 = Release|Any CPU
		{E6186578-458E-4CAA-B809-F61F0811866A}.Debug|Any CPU.ActiveCfg = Debug|Any CPU
		{E6186578-458E-4CAA-B809-F61F0811866A}.Debug|Any CPU.Build.0 = Debug|Any CPU
		{E6186578-458E-4CAA-B809-F61F0811866A}.Release|Any CPU.ActiveCfg = Release|Any CPU
		{E6186578-458E-4CAA-B809-F61F0811866A}.Release|Any CPU.Build.0 = Release|Any CPU
		{A9801707-5FFA-4414-8DD0-1A67C0AC9B8F}.Debug|Any CPU.ActiveCfg = Debug|Any CPU
		{A9801707-5FFA-4414-8DD0-1A67C0AC9B8F}.Debug|Any CPU.Build.0 = Debug|Any CPU
		{A9801707-5FFA-4414-8DD0-1A67C0AC9B8F}.Release|Any CPU.ActiveCfg = Release|Any CPU
		{A9801707-5FFA-4414-8DD0-1A67C0AC9B8F}.Release|Any CPU.Build.0 = Release|Any CPU
		{62370386-E385-4DF7-AF17-C99E1EED7A59}.Debug|Any CPU.ActiveCfg = Debug|Any CPU
		{62370386-E385-4DF7-AF17-C99E1EED7A59}.Debug|Any CPU.Build.0 = Debug|Any CPU
		{62370386-E385-4DF7-AF17-C99E1EED7A59}.Release|Any CPU.ActiveCfg = Release|Any CPU
		{62370386-E385-4DF7-AF17-C99E1EED7A59}.Release|Any CPU.Build.0 = Release|Any CPU
	EndGlobalSection
	GlobalSection(SolutionProperties) = preSolution
		HideSolutionNode = FALSE
	EndGlobalSection
	GlobalSection(NestedProjects) = preSolution
		{C3ED1863-02D9-4DA3-9308-95848F27ADE0} = {69A63D77-9FAD-4726-9C45-658009D1452F}
		{E54F3E9D-069C-4B9F-A7CB-480647259881} = {57E080D7-2E5A-4128-A03F-D848C75E707E}
		{E8B2E841-E5F3-493E-9FBF-A0ED194BA5FD} = {57E080D7-2E5A-4128-A03F-D848C75E707E}
		{7ED605D1-CADD-49F7-B0C5-A3C624FA4D45} = {57E080D7-2E5A-4128-A03F-D848C75E707E}
		{E94BF1D4-3435-42FA-B552-9BB90E1E72EA} = {2A2950F0-F38B-42FF-BEDD-DC240A7743F8}
		{5EB66DF3-0D2C-490D-AAC9-2A55A60C15D6} = {2A2950F0-F38B-42FF-BEDD-DC240A7743F8}
		{C1FE7280-C9D6-41A7-AC49-6C019A108CF8} = {69A63D77-9FAD-4726-9C45-658009D1452F}
		{68C3CB3C-1606-4152-8F51-83D6E14CB472} = {C1FE7280-C9D6-41A7-AC49-6C019A108CF8}
		{A34379F6-E1DB-4138-9FBD-DDC606C1841F} = {C1FE7280-C9D6-41A7-AC49-6C019A108CF8}
		{D9AA4958-8AAA-40E5-828E-81DDAE989FEC} = {69A63D77-9FAD-4726-9C45-658009D1452F}
		{09C54790-CCAF-4EB7-9566-2D8C1610374B} = {D9AA4958-8AAA-40E5-828E-81DDAE989FEC}
		{8465A8FB-0AAF-48D3-9394-86576B0DA4A2} = {09C54790-CCAF-4EB7-9566-2D8C1610374B}
		{BD869B03-19EC-40D3-8040-5E55FD5C47EB} = {09C54790-CCAF-4EB7-9566-2D8C1610374B}
		{3B10CA35-34AD-4B0F-8D8D-643B9625B7E9} = {09C54790-CCAF-4EB7-9566-2D8C1610374B}
		{04F819C0-7140-4C36-A5ED-74A884410D22} = {09C54790-CCAF-4EB7-9566-2D8C1610374B}
		{C4425538-F34F-4A96-A1E8-21BE10B4DA53} = {09C54790-CCAF-4EB7-9566-2D8C1610374B}
		{C86A6BF9-896E-4068-BD2F-EC8DD82E7452} = {D9AA4958-8AAA-40E5-828E-81DDAE989FEC}
		{F5E31FD2-3297-488A-AACA-A16F6E5267B7} = {C86A6BF9-896E-4068-BD2F-EC8DD82E7452}
		{39FBA2DE-5FB3-444C-9A0B-067AD4CAE650} = {C86A6BF9-896E-4068-BD2F-EC8DD82E7452}
		{BC234579-0BBA-4E0F-8893-C484D688C313} = {C86A6BF9-896E-4068-BD2F-EC8DD82E7452}
		{57A51C71-F8FC-4AE4-BCFC-487B15D6C345} = {69A63D77-9FAD-4726-9C45-658009D1452F}
		{C5A752FF-A1E4-4D81-BFC6-26B845CF1823} = {57A51C71-F8FC-4AE4-BCFC-487B15D6C345}
		{AD9FD211-EDA8-480F-96BD-5A275C4F9FDB} = {C5A752FF-A1E4-4D81-BFC6-26B845CF1823}
		{AC8C3385-0A7F-4E1F-9085-D9CC75BD2DB8} = {C5A752FF-A1E4-4D81-BFC6-26B845CF1823}
		{8CB22E53-D7C2-4026-9939-1D0E5208D0E8} = {57A51C71-F8FC-4AE4-BCFC-487B15D6C345}
		{2E2F7CAE-44F4-4039-9743-59E042963E78} = {8CB22E53-D7C2-4026-9939-1D0E5208D0E8}
		{5FC2C0A7-6E87-4A6A-9447-44250FEA80CF} = {8CB22E53-D7C2-4026-9939-1D0E5208D0E8}
		{B010C8C5-4383-4F42-866C-AC08D6F3EEA0} = {69A63D77-9FAD-4726-9C45-658009D1452F}
		{4EEE9EAF-4B2E-4150-93DF-DD9920326A8A} = {B010C8C5-4383-4F42-866C-AC08D6F3EEA0}
		{458965DC-43D7-4CC9-A7FE-4674D95FBC75} = {4EEE9EAF-4B2E-4150-93DF-DD9920326A8A}
		{700729E3-D3B9-4AA0-94FA-F0350D87CA16} = {4EEE9EAF-4B2E-4150-93DF-DD9920326A8A}
		{CFD0D95B-24F6-4B7F-85F6-F15275FE64FE} = {4EEE9EAF-4B2E-4150-93DF-DD9920326A8A}
		{7F118E03-56DA-4A4E-B2B0-246B1F2A2126} = {B010C8C5-4383-4F42-866C-AC08D6F3EEA0}
		{E6186578-458E-4CAA-B809-F61F0811866A} = {7F118E03-56DA-4A4E-B2B0-246B1F2A2126}
		{A9801707-5FFA-4414-8DD0-1A67C0AC9B8F} = {7F118E03-56DA-4A4E-B2B0-246B1F2A2126}
		{0BA8856B-B39D-4429-B29D-6B83320B1CED} = {B010C8C5-4383-4F42-866C-AC08D6F3EEA0}
		{62370386-E385-4DF7-AF17-C99E1EED7A59} = {0BA8856B-B39D-4429-B29D-6B83320B1CED}
	EndGlobalSection
	GlobalSection(ExtensibilityGlobals) = postSolution
		SolutionGuid = {CD8D6A3E-074F-400E-BD47-76159955693D}
	EndGlobalSection
EndGlobal
