
Microsoft Visual Studio Solution File, Format Version 12.00
Project("{2150E333-8FDC-42A3-9474-1A3956D46DE8}") = "src", "src", "{93131734-DF3F-4F9F-AF15-ADD283EDE765}"
EndProject
Project("{2150E333-8FDC-42A3-9474-1A3956D46DE8}") = "tests", "tests", "{0FAF659F-E5FE-44FD-999A-3C90E22D19D2}"
EndProject
Project("{FAE04EC0-301F-11D3-BF4B-00C04F79EFBC}") = "Zaabee.NetMQ", "src\Zaabee.NetMQ\Zaabee.NetMQ.csproj", "{C3C3CDDB-47D4-4FCB-8A80-74D43E69A099}"
EndProject
Project("{2150E333-8FDC-42A3-9474-1A3956D46DE8}") = "demo", "demo", "{8B31AA0C-BE48-4986-80FA-CA4C5969C9D7}"
EndProject
Project("{2150E333-8FDC-42A3-9474-1A3956D46DE8}") = "Pair", "Pair", "{0CCFD060-20C5-4DCE-93C3-3B56E062F329}"
EndProject
Project("{2150E333-8FDC-42A3-9474-1A3956D46DE8}") = "PublishSubscribe", "PublishSubscribe", "{193651E0-C00E-480D-93AF-BF3417D3EF35}"
EndProject
Project("{2150E333-8FDC-42A3-9474-1A3956D46DE8}") = "PushPull", "PushPull", "{E2A2ABC2-7AC2-47BB-94C0-D87FA2C08E72}"
EndProject
Project("{2150E333-8FDC-42A3-9474-1A3956D46DE8}") = "RequestReply", "RequestReply", "{AB5B2C48-D73C-4AB9-9866-0B2E963EBA6A}"
EndProject
Project("{2150E333-8FDC-42A3-9474-1A3956D46DE8}") = "RouterDealer", "RouterDealer", "{483C57AC-E25F-41A2-B90F-693C0A19889B}"
EndProject
Project("{FAE04EC0-301F-11D3-BF4B-00C04F79EFBC}") = "Server", "demo\RequestReply\Server\Server.csproj", "{0DB685EA-365C-4D90-891A-249E301A6787}"
EndProject
Project("{FAE04EC0-301F-11D3-BF4B-00C04F79EFBC}") = "Client", "demo\RequestReply\Client\Client.csproj", "{BA5745D9-C946-4575-B99C-DEBE47D136F6}"
EndProject
Project("{FAE04EC0-301F-11D3-BF4B-00C04F79EFBC}") = "Zaabee.NetMQ.Abstraction", "src\Zaabee.NetMQ.Abstraction\Zaabee.NetMQ.Abstraction.csproj", "{3962F2A8-85A8-40D6-817A-E5E2B84BEB0E}"
EndProject
Project("{FAE04EC0-301F-11D3-BF4B-00C04F79EFBC}") = "Publisher", "demo\PublishSubscribe\Publisher\Publisher.csproj", "{A4188417-1820-4ADE-AB29-02AF534F2EEE}"
EndProject
Project("{FAE04EC0-301F-11D3-BF4B-00C04F79EFBC}") = "Subscriber", "demo\PublishSubscribe\Subscriber\Subscriber.csproj", "{3195F454-556F-4BC4-A53F-DE52C96C37D9}"
EndProject
Project("{FAE04EC0-301F-11D3-BF4B-00C04F79EFBC}") = "PairA", "demo\Pair\PairA\PairA.csproj", "{0E61F81B-4AA3-43A0-A137-B4DA1D8367D7}"
EndProject
Project("{FAE04EC0-301F-11D3-BF4B-00C04F79EFBC}") = "PairB", "demo\Pair\PairB\PairB.csproj", "{BEE5F92F-5E8C-4786-BDD2-C26810208657}"
EndProject
Project("{FAE04EC0-301F-11D3-BF4B-00C04F79EFBC}") = "Worker", "demo\PushPull\Worker\Worker.csproj", "{23DF2522-C92E-44F0-A08D-CE74C45604A8}"
EndProject
Project("{FAE04EC0-301F-11D3-BF4B-00C04F79EFBC}") = "Ventilator", "demo\PushPull\Ventilator\Ventilator.csproj", "{4EACB3D7-031C-43D8-9600-C20A94D18EF8}"
EndProject
Project("{FAE04EC0-301F-11D3-BF4B-00C04F79EFBC}") = "Router", "demo\RouterDealer\Router\Router.csproj", "{B4222EA1-9955-4B4F-A7B3-9ADFCA345DD1}"
EndProject
Project("{FAE04EC0-301F-11D3-BF4B-00C04F79EFBC}") = "Dealer", "demo\RouterDealer\Dealer\Dealer.csproj", "{C4F38168-4099-4109-85C5-28D37CA13372}"
EndProject
Project("{FAE04EC0-301F-11D3-BF4B-00C04F79EFBC}") = "Sink", "demo\PushPull\Sink\Sink.csproj", "{EEB5708F-CA48-4E32-9FF3-6BAF8AD45EDB}"
EndProject
Global
	GlobalSection(SolutionConfigurationPlatforms) = preSolution
		Debug|Any CPU = Debug|Any CPU
		Release|Any CPU = Release|Any CPU
	EndGlobalSection
	GlobalSection(NestedProjects) = preSolution
		{C3C3CDDB-47D4-4FCB-8A80-74D43E69A099} = {93131734-DF3F-4F9F-AF15-ADD283EDE765}
		{0CCFD060-20C5-4DCE-93C3-3B56E062F329} = {8B31AA0C-BE48-4986-80FA-CA4C5969C9D7}
		{193651E0-C00E-480D-93AF-BF3417D3EF35} = {8B31AA0C-BE48-4986-80FA-CA4C5969C9D7}
		{E2A2ABC2-7AC2-47BB-94C0-D87FA2C08E72} = {8B31AA0C-BE48-4986-80FA-CA4C5969C9D7}
		{AB5B2C48-D73C-4AB9-9866-0B2E963EBA6A} = {8B31AA0C-BE48-4986-80FA-CA4C5969C9D7}
		{483C57AC-E25F-41A2-B90F-693C0A19889B} = {8B31AA0C-BE48-4986-80FA-CA4C5969C9D7}
		{0DB685EA-365C-4D90-891A-249E301A6787} = {AB5B2C48-D73C-4AB9-9866-0B2E963EBA6A}
		{BA5745D9-C946-4575-B99C-DEBE47D136F6} = {AB5B2C48-D73C-4AB9-9866-0B2E963EBA6A}
		{3962F2A8-85A8-40D6-817A-E5E2B84BEB0E} = {93131734-DF3F-4F9F-AF15-ADD283EDE765}
		{A4188417-1820-4ADE-AB29-02AF534F2EEE} = {193651E0-C00E-480D-93AF-BF3417D3EF35}
		{3195F454-556F-4BC4-A53F-DE52C96C37D9} = {193651E0-C00E-480D-93AF-BF3417D3EF35}
		{0E61F81B-4AA3-43A0-A137-B4DA1D8367D7} = {0CCFD060-20C5-4DCE-93C3-3B56E062F329}
		{BEE5F92F-5E8C-4786-BDD2-C26810208657} = {0CCFD060-20C5-4DCE-93C3-3B56E062F329}
		{23DF2522-C92E-44F0-A08D-CE74C45604A8} = {E2A2ABC2-7AC2-47BB-94C0-D87FA2C08E72}
		{4EACB3D7-031C-43D8-9600-C20A94D18EF8} = {E2A2ABC2-7AC2-47BB-94C0-D87FA2C08E72}
		{B4222EA1-9955-4B4F-A7B3-9ADFCA345DD1} = {483C57AC-E25F-41A2-B90F-693C0A19889B}
		{C4F38168-4099-4109-85C5-28D37CA13372} = {483C57AC-E25F-41A2-B90F-693C0A19889B}
		{EEB5708F-CA48-4E32-9FF3-6BAF8AD45EDB} = {E2A2ABC2-7AC2-47BB-94C0-D87FA2C08E72}
	EndGlobalSection
	GlobalSection(ProjectConfigurationPlatforms) = postSolution
		{C3C3CDDB-47D4-4FCB-8A80-74D43E69A099}.Debug|Any CPU.ActiveCfg = Debug|Any CPU
		{C3C3CDDB-47D4-4FCB-8A80-74D43E69A099}.Debug|Any CPU.Build.0 = Debug|Any CPU
		{C3C3CDDB-47D4-4FCB-8A80-74D43E69A099}.Release|Any CPU.ActiveCfg = Release|Any CPU
		{C3C3CDDB-47D4-4FCB-8A80-74D43E69A099}.Release|Any CPU.Build.0 = Release|Any CPU
		{0DB685EA-365C-4D90-891A-249E301A6787}.Debug|Any CPU.ActiveCfg = Debug|Any CPU
		{0DB685EA-365C-4D90-891A-249E301A6787}.Debug|Any CPU.Build.0 = Debug|Any CPU
		{0DB685EA-365C-4D90-891A-249E301A6787}.Release|Any CPU.ActiveCfg = Release|Any CPU
		{0DB685EA-365C-4D90-891A-249E301A6787}.Release|Any CPU.Build.0 = Release|Any CPU
		{BA5745D9-C946-4575-B99C-DEBE47D136F6}.Debug|Any CPU.ActiveCfg = Debug|Any CPU
		{BA5745D9-C946-4575-B99C-DEBE47D136F6}.Debug|Any CPU.Build.0 = Debug|Any CPU
		{BA5745D9-C946-4575-B99C-DEBE47D136F6}.Release|Any CPU.ActiveCfg = Release|Any CPU
		{BA5745D9-C946-4575-B99C-DEBE47D136F6}.Release|Any CPU.Build.0 = Release|Any CPU
		{3962F2A8-85A8-40D6-817A-E5E2B84BEB0E}.Debug|Any CPU.ActiveCfg = Debug|Any CPU
		{3962F2A8-85A8-40D6-817A-E5E2B84BEB0E}.Debug|Any CPU.Build.0 = Debug|Any CPU
		{3962F2A8-85A8-40D6-817A-E5E2B84BEB0E}.Release|Any CPU.ActiveCfg = Release|Any CPU
		{3962F2A8-85A8-40D6-817A-E5E2B84BEB0E}.Release|Any CPU.Build.0 = Release|Any CPU
		{A4188417-1820-4ADE-AB29-02AF534F2EEE}.Debug|Any CPU.ActiveCfg = Debug|Any CPU
		{A4188417-1820-4ADE-AB29-02AF534F2EEE}.Debug|Any CPU.Build.0 = Debug|Any CPU
		{A4188417-1820-4ADE-AB29-02AF534F2EEE}.Release|Any CPU.ActiveCfg = Release|Any CPU
		{A4188417-1820-4ADE-AB29-02AF534F2EEE}.Release|Any CPU.Build.0 = Release|Any CPU
		{3195F454-556F-4BC4-A53F-DE52C96C37D9}.Debug|Any CPU.ActiveCfg = Debug|Any CPU
		{3195F454-556F-4BC4-A53F-DE52C96C37D9}.Debug|Any CPU.Build.0 = Debug|Any CPU
		{3195F454-556F-4BC4-A53F-DE52C96C37D9}.Release|Any CPU.ActiveCfg = Release|Any CPU
		{3195F454-556F-4BC4-A53F-DE52C96C37D9}.Release|Any CPU.Build.0 = Release|Any CPU
		{0E61F81B-4AA3-43A0-A137-B4DA1D8367D7}.Debug|Any CPU.ActiveCfg = Debug|Any CPU
		{0E61F81B-4AA3-43A0-A137-B4DA1D8367D7}.Debug|Any CPU.Build.0 = Debug|Any CPU
		{0E61F81B-4AA3-43A0-A137-B4DA1D8367D7}.Release|Any CPU.ActiveCfg = Release|Any CPU
		{0E61F81B-4AA3-43A0-A137-B4DA1D8367D7}.Release|Any CPU.Build.0 = Release|Any CPU
		{BEE5F92F-5E8C-4786-BDD2-C26810208657}.Debug|Any CPU.ActiveCfg = Debug|Any CPU
		{BEE5F92F-5E8C-4786-BDD2-C26810208657}.Debug|Any CPU.Build.0 = Debug|Any CPU
		{BEE5F92F-5E8C-4786-BDD2-C26810208657}.Release|Any CPU.ActiveCfg = Release|Any CPU
		{BEE5F92F-5E8C-4786-BDD2-C26810208657}.Release|Any CPU.Build.0 = Release|Any CPU
		{23DF2522-C92E-44F0-A08D-CE74C45604A8}.Debug|Any CPU.ActiveCfg = Debug|Any CPU
		{23DF2522-C92E-44F0-A08D-CE74C45604A8}.Debug|Any CPU.Build.0 = Debug|Any CPU
		{23DF2522-C92E-44F0-A08D-CE74C45604A8}.Release|Any CPU.ActiveCfg = Release|Any CPU
		{23DF2522-C92E-44F0-A08D-CE74C45604A8}.Release|Any CPU.Build.0 = Release|Any CPU
		{4EACB3D7-031C-43D8-9600-C20A94D18EF8}.Debug|Any CPU.ActiveCfg = Debug|Any CPU
		{4EACB3D7-031C-43D8-9600-C20A94D18EF8}.Debug|Any CPU.Build.0 = Debug|Any CPU
		{4EACB3D7-031C-43D8-9600-C20A94D18EF8}.Release|Any CPU.ActiveCfg = Release|Any CPU
		{4EACB3D7-031C-43D8-9600-C20A94D18EF8}.Release|Any CPU.Build.0 = Release|Any CPU
		{B4222EA1-9955-4B4F-A7B3-9ADFCA345DD1}.Debug|Any CPU.ActiveCfg = Debug|Any CPU
		{B4222EA1-9955-4B4F-A7B3-9ADFCA345DD1}.Debug|Any CPU.Build.0 = Debug|Any CPU
		{B4222EA1-9955-4B4F-A7B3-9ADFCA345DD1}.Release|Any CPU.ActiveCfg = Release|Any CPU
		{B4222EA1-9955-4B4F-A7B3-9ADFCA345DD1}.Release|Any CPU.Build.0 = Release|Any CPU
		{C4F38168-4099-4109-85C5-28D37CA13372}.Debug|Any CPU.ActiveCfg = Debug|Any CPU
		{C4F38168-4099-4109-85C5-28D37CA13372}.Debug|Any CPU.Build.0 = Debug|Any CPU
		{C4F38168-4099-4109-85C5-28D37CA13372}.Release|Any CPU.ActiveCfg = Release|Any CPU
		{C4F38168-4099-4109-85C5-28D37CA13372}.Release|Any CPU.Build.0 = Release|Any CPU
		{EEB5708F-CA48-4E32-9FF3-6BAF8AD45EDB}.Debug|Any CPU.ActiveCfg = Debug|Any CPU
		{EEB5708F-CA48-4E32-9FF3-6BAF8AD45EDB}.Debug|Any CPU.Build.0 = Debug|Any CPU
		{EEB5708F-CA48-4E32-9FF3-6BAF8AD45EDB}.Release|Any CPU.ActiveCfg = Release|Any CPU
		{EEB5708F-CA48-4E32-9FF3-6BAF8AD45EDB}.Release|Any CPU.Build.0 = Release|Any CPU
	EndGlobalSection
EndGlobal
