
Microsoft Visual Studio Solution File, Format Version 12.00
Project("{2150E333-8FDC-42A3-9474-1A3956D46DE8}") = "src", "src", "{93131734-DF3F-4F9F-AF15-ADD283EDE765}"
EndProject
Project("{2150E333-8FDC-42A3-9474-1A3956D46DE8}") = "tests", "tests", "{0FAF659F-E5FE-44FD-999A-3C90E22D19D2}"
EndProject
Project("{FAE04EC0-301F-11D3-BF4B-00C04F79EFBC}") = "Zaabee.NetMQ", "src\Zaabee.NetMQ\Zaabee.NetMQ.csproj", "{C3C3CDDB-47D4-4FCB-8A80-74D43E69A099}"
EndProject
Project("{2150E333-8FDC-42A3-9474-1A3956D46DE8}") = "demo", "demo", "{8B31AA0C-BE48-4986-80FA-CA4C5969C9D7}"
EndProject
Project("{2150E333-8FDC-42A3-9474-1A3956D46DE8}") = "Pair", "Pair", "{0CCFD060-20C5-4DCE-93C3-3B56E062F329}"
EndProject
Project("{2150E333-8FDC-42A3-9474-1A3956D46DE8}") = "PublishSubscribe", "PublishSubscribe", "{193651E0-C00E-480D-93AF-BF3417D3EF35}"
EndProject
Project("{2150E333-8FDC-42A3-9474-1A3956D46DE8}") = "RequestReply", "RequestReply", "{AB5B2C48-D73C-4AB9-9866-0B2E963EBA6A}"
EndProject
Project("{FAE04EC0-301F-11D3-BF4B-00C04F79EFBC}") = "Zaabee.NetMQ.Abstraction", "src\Zaabee.NetMQ.Abstraction\Zaabee.NetMQ.Abstraction.csproj", "{3962F2A8-85A8-40D6-817A-E5E2B84BEB0E}"
EndProject
Project("{FAE04EC0-301F-11D3-BF4B-00C04F79EFBC}") = "PairServer", "demo\Pair\PairServer\PairServer.csproj", "{0E61F81B-4AA3-43A0-A137-B4DA1D8367D7}"
EndProject
Project("{FAE04EC0-301F-11D3-BF4B-00C04F79EFBC}") = "Zaabee.Extensions.NetMQ", "src\Zaabee.Extensions.NetMQ\Zaabee.Extensions.NetMQ.csproj", "{C364DA0C-1D72-4975-8527-D5830FD7B702}"
EndProject
Project("{FAE04EC0-301F-11D3-BF4B-00C04F79EFBC}") = "PairClient", "demo\Pair\PairClient\PairClient.csproj", "{7F035537-3E17-4DF5-96E7-A1F7BF8075C6}"
EndProject
Project("{2150E333-8FDC-42A3-9474-1A3956D46DE8}") = "Pipeline", "Pipeline", "{04BB70E3-A3FB-4D59-93F8-AC2DFE74CFBD}"
EndProject
Project("{2150E333-8FDC-42A3-9474-1A3956D46DE8}") = "PushPull", "PushPull", "{738C0B76-CEA6-49BF-AE5E-5B6F99D1AC5C}"
EndProject
Project("{FAE04EC0-301F-11D3-BF4B-00C04F79EFBC}") = "Sink", "demo\Pipeline\PushPull\Sink\Sink.csproj", "{F643CD90-AFD4-4BF0-9F53-5F3EC81438F8}"
EndProject
Project("{FAE04EC0-301F-11D3-BF4B-00C04F79EFBC}") = "Ventilator", "demo\Pipeline\PushPull\Ventilator\Ventilator.csproj", "{2931FD63-81DF-45BA-A2FD-4E7E7741D6DA}"
EndProject
Project("{FAE04EC0-301F-11D3-BF4B-00C04F79EFBC}") = "Worker", "demo\Pipeline\PushPull\Worker\Worker.csproj", "{F684C92D-3216-4A82-8961-A5F13537BFFA}"
EndProject
Project("{2150E333-8FDC-42A3-9474-1A3956D46DE8}") = "ScatterGather", "ScatterGather", "{ACB1BFE1-2616-43FE-B1A9-968E7EB06C5C}"
EndProject
Project("{2150E333-8FDC-42A3-9474-1A3956D46DE8}") = "RadioDish", "RadioDish", "{D74317B6-65D0-4A6F-80A5-CABEFE7FE3E4}"
EndProject
Project("{2150E333-8FDC-42A3-9474-1A3956D46DE8}") = "PublisherSubscriber", "PublisherSubscriber", "{3F040764-E549-4FA4-BFAA-04A09BA62B10}"
EndProject
Project("{2150E333-8FDC-42A3-9474-1A3956D46DE8}") = "XPublisherXSubscriber", "XPublisherXSubscriber", "{A2C01B4F-574F-4E85-AF9D-2671C57518A8}"
EndProject
Project("{FAE04EC0-301F-11D3-BF4B-00C04F79EFBC}") = "Publisher", "demo\PublishSubscribe\PublisherSubscriber\Publisher\Publisher.csproj", "{708DF136-559C-4C1B-8E80-89992C1052A4}"
EndProject
Project("{FAE04EC0-301F-11D3-BF4B-00C04F79EFBC}") = "Subscriber", "demo\PublishSubscribe\PublisherSubscriber\Subscriber\Subscriber.csproj", "{2688089F-CD95-448E-BBA9-D48E4798B7D2}"
EndProject
Project("{FAE04EC0-301F-11D3-BF4B-00C04F79EFBC}") = "Dish", "demo\PublishSubscribe\RadioDish\Dish\Dish.csproj", "{2C6250D0-3BC9-43E0-B6FD-819FE36FA2D8}"
EndProject
Project("{FAE04EC0-301F-11D3-BF4B-00C04F79EFBC}") = "Radio", "demo\PublishSubscribe\RadioDish\Radio\Radio.csproj", "{AD574EF0-A7D9-423A-ACE4-DF615E7780B8}"
EndProject
Project("{2150E333-8FDC-42A3-9474-1A3956D46DE8}") = "RequestResponse", "RequestResponse", "{B16D2C46-1BA4-4E3F-8901-254CCD5D8DE5}"
EndProject
Project("{2150E333-8FDC-42A3-9474-1A3956D46DE8}") = "ClientServer", "ClientServer", "{68627B4E-AF4C-4CF4-AFDE-5DF73E05E708}"
EndProject
Project("{FAE04EC0-301F-11D3-BF4B-00C04F79EFBC}") = "Request", "demo\RequestReply\RequestResponse\Request\Request.csproj", "{DE648069-F574-45BD-BB09-1AA0D5689232}"
EndProject
Project("{FAE04EC0-301F-11D3-BF4B-00C04F79EFBC}") = "Response", "demo\RequestReply\RequestResponse\Response\Response.csproj", "{BE06790E-5CFA-4F2B-8A4B-7B74471EC40C}"
EndProject
Project("{2150E333-8FDC-42A3-9474-1A3956D46DE8}") = "RouterDealer", "RouterDealer", "{C99B0779-F14C-4BF3-88C1-5DF1B127018C}"
EndProject
Project("{FAE04EC0-301F-11D3-BF4B-00C04F79EFBC}") = "RouterDealer", "demo\RequestReply\RouterDealer\RouterDealer\RouterDealer.csproj", "{F5B2B52D-AD69-423E-9BDA-D2BA1F670608}"
EndProject
Project("{FAE04EC0-301F-11D3-BF4B-00C04F79EFBC}") = "ClientServer", "demo\RequestReply\ClientServer\ClientServer\ClientServer.csproj", "{7E7EC9E4-B429-4E57-953C-09C0B5D1CD49}"
EndProject
Project("{FAE04EC0-301F-11D3-BF4B-00C04F79EFBC}") = "ScatterGather", "demo\Pipeline\ScatterGather\ScatterGather\ScatterGather.csproj", "{8780843D-73F4-4406-81C6-191FC2C0101F}"
EndProject
Global
	GlobalSection(SolutionConfigurationPlatforms) = preSolution
		Debug|Any CPU = Debug|Any CPU
		Release|Any CPU = Release|Any CPU
	EndGlobalSection
	GlobalSection(NestedProjects) = preSolution
		{C3C3CDDB-47D4-4FCB-8A80-74D43E69A099} = {93131734-DF3F-4F9F-AF15-ADD283EDE765}
		{0CCFD060-20C5-4DCE-93C3-3B56E062F329} = {8B31AA0C-BE48-4986-80FA-CA4C5969C9D7}
		{193651E0-C00E-480D-93AF-BF3417D3EF35} = {8B31AA0C-BE48-4986-80FA-CA4C5969C9D7}
		{AB5B2C48-D73C-4AB9-9866-0B2E963EBA6A} = {8B31AA0C-BE48-4986-80FA-CA4C5969C9D7}
		{3962F2A8-85A8-40D6-817A-E5E2B84BEB0E} = {93131734-DF3F-4F9F-AF15-ADD283EDE765}
		{0E61F81B-4AA3-43A0-A137-B4DA1D8367D7} = {0CCFD060-20C5-4DCE-93C3-3B56E062F329}
		{C364DA0C-1D72-4975-8527-D5830FD7B702} = {93131734-DF3F-4F9F-AF15-ADD283EDE765}
		{7F035537-3E17-4DF5-96E7-A1F7BF8075C6} = {0CCFD060-20C5-4DCE-93C3-3B56E062F329}
		{04BB70E3-A3FB-4D59-93F8-AC2DFE74CFBD} = {8B31AA0C-BE48-4986-80FA-CA4C5969C9D7}
		{738C0B76-CEA6-49BF-AE5E-5B6F99D1AC5C} = {04BB70E3-A3FB-4D59-93F8-AC2DFE74CFBD}
		{F643CD90-AFD4-4BF0-9F53-5F3EC81438F8} = {738C0B76-CEA6-49BF-AE5E-5B6F99D1AC5C}
		{2931FD63-81DF-45BA-A2FD-4E7E7741D6DA} = {738C0B76-CEA6-49BF-AE5E-5B6F99D1AC5C}
		{F684C92D-3216-4A82-8961-A5F13537BFFA} = {738C0B76-CEA6-49BF-AE5E-5B6F99D1AC5C}
		{ACB1BFE1-2616-43FE-B1A9-968E7EB06C5C} = {04BB70E3-A3FB-4D59-93F8-AC2DFE74CFBD}
		{D74317B6-65D0-4A6F-80A5-CABEFE7FE3E4} = {193651E0-C00E-480D-93AF-BF3417D3EF35}
		{3F040764-E549-4FA4-BFAA-04A09BA62B10} = {193651E0-C00E-480D-93AF-BF3417D3EF35}
		{A2C01B4F-574F-4E85-AF9D-2671C57518A8} = {193651E0-C00E-480D-93AF-BF3417D3EF35}
		{708DF136-559C-4C1B-8E80-89992C1052A4} = {3F040764-E549-4FA4-BFAA-04A09BA62B10}
		{2688089F-CD95-448E-BBA9-D48E4798B7D2} = {3F040764-E549-4FA4-BFAA-04A09BA62B10}
		{2C6250D0-3BC9-43E0-B6FD-819FE36FA2D8} = {D74317B6-65D0-4A6F-80A5-CABEFE7FE3E4}
		{AD574EF0-A7D9-423A-ACE4-DF615E7780B8} = {D74317B6-65D0-4A6F-80A5-CABEFE7FE3E4}
		{B16D2C46-1BA4-4E3F-8901-254CCD5D8DE5} = {AB5B2C48-D73C-4AB9-9866-0B2E963EBA6A}
		{68627B4E-AF4C-4CF4-AFDE-5DF73E05E708} = {AB5B2C48-D73C-4AB9-9866-0B2E963EBA6A}
		{DE648069-F574-45BD-BB09-1AA0D5689232} = {B16D2C46-1BA4-4E3F-8901-254CCD5D8DE5}
		{BE06790E-5CFA-4F2B-8A4B-7B74471EC40C} = {B16D2C46-1BA4-4E3F-8901-254CCD5D8DE5}
		{C99B0779-F14C-4BF3-88C1-5DF1B127018C} = {AB5B2C48-D73C-4AB9-9866-0B2E963EBA6A}
		{F5B2B52D-AD69-423E-9BDA-D2BA1F670608} = {C99B0779-F14C-4BF3-88C1-5DF1B127018C}
		{7E7EC9E4-B429-4E57-953C-09C0B5D1CD49} = {68627B4E-AF4C-4CF4-AFDE-5DF73E05E708}
		{8780843D-73F4-4406-81C6-191FC2C0101F} = {ACB1BFE1-2616-43FE-B1A9-968E7EB06C5C}
	EndGlobalSection
	GlobalSection(ProjectConfigurationPlatforms) = postSolution
		{C3C3CDDB-47D4-4FCB-8A80-74D43E69A099}.Debug|Any CPU.ActiveCfg = Debug|Any CPU
		{C3C3CDDB-47D4-4FCB-8A80-74D43E69A099}.Debug|Any CPU.Build.0 = Debug|Any CPU
		{C3C3CDDB-47D4-4FCB-8A80-74D43E69A099}.Release|Any CPU.ActiveCfg = Release|Any CPU
		{C3C3CDDB-47D4-4FCB-8A80-74D43E69A099}.Release|Any CPU.Build.0 = Release|Any CPU
		{3962F2A8-85A8-40D6-817A-E5E2B84BEB0E}.Debug|Any CPU.ActiveCfg = Debug|Any CPU
		{3962F2A8-85A8-40D6-817A-E5E2B84BEB0E}.Debug|Any CPU.Build.0 = Debug|Any CPU
		{3962F2A8-85A8-40D6-817A-E5E2B84BEB0E}.Release|Any CPU.ActiveCfg = Release|Any CPU
		{3962F2A8-85A8-40D6-817A-E5E2B84BEB0E}.Release|Any CPU.Build.0 = Release|Any CPU
		{0E61F81B-4AA3-43A0-A137-B4DA1D8367D7}.Debug|Any CPU.ActiveCfg = Debug|Any CPU
		{0E61F81B-4AA3-43A0-A137-B4DA1D8367D7}.Debug|Any CPU.Build.0 = Debug|Any CPU
		{0E61F81B-4AA3-43A0-A137-B4DA1D8367D7}.Release|Any CPU.ActiveCfg = Release|Any CPU
		{0E61F81B-4AA3-43A0-A137-B4DA1D8367D7}.Release|Any CPU.Build.0 = Release|Any CPU
		{C364DA0C-1D72-4975-8527-D5830FD7B702}.Debug|Any CPU.ActiveCfg = Debug|Any CPU
		{C364DA0C-1D72-4975-8527-D5830FD7B702}.Debug|Any CPU.Build.0 = Debug|Any CPU
		{C364DA0C-1D72-4975-8527-D5830FD7B702}.Release|Any CPU.ActiveCfg = Release|Any CPU
		{C364DA0C-1D72-4975-8527-D5830FD7B702}.Release|Any CPU.Build.0 = Release|Any CPU
		{7F035537-3E17-4DF5-96E7-A1F7BF8075C6}.Debug|Any CPU.ActiveCfg = Debug|Any CPU
		{7F035537-3E17-4DF5-96E7-A1F7BF8075C6}.Debug|Any CPU.Build.0 = Debug|Any CPU
		{7F035537-3E17-4DF5-96E7-A1F7BF8075C6}.Release|Any CPU.ActiveCfg = Release|Any CPU
		{7F035537-3E17-4DF5-96E7-A1F7BF8075C6}.Release|Any CPU.Build.0 = Release|Any CPU
		{F643CD90-AFD4-4BF0-9F53-5F3EC81438F8}.Debug|Any CPU.ActiveCfg = Debug|Any CPU
		{F643CD90-AFD4-4BF0-9F53-5F3EC81438F8}.Debug|Any CPU.Build.0 = Debug|Any CPU
		{F643CD90-AFD4-4BF0-9F53-5F3EC81438F8}.Release|Any CPU.ActiveCfg = Release|Any CPU
		{F643CD90-AFD4-4BF0-9F53-5F3EC81438F8}.Release|Any CPU.Build.0 = Release|Any CPU
		{2931FD63-81DF-45BA-A2FD-4E7E7741D6DA}.Debug|Any CPU.ActiveCfg = Debug|Any CPU
		{2931FD63-81DF-45BA-A2FD-4E7E7741D6DA}.Debug|Any CPU.Build.0 = Debug|Any CPU
		{2931FD63-81DF-45BA-A2FD-4E7E7741D6DA}.Release|Any CPU.ActiveCfg = Release|Any CPU
		{2931FD63-81DF-45BA-A2FD-4E7E7741D6DA}.Release|Any CPU.Build.0 = Release|Any CPU
		{F684C92D-3216-4A82-8961-A5F13537BFFA}.Debug|Any CPU.ActiveCfg = Debug|Any CPU
		{F684C92D-3216-4A82-8961-A5F13537BFFA}.Debug|Any CPU.Build.0 = Debug|Any CPU
		{F684C92D-3216-4A82-8961-A5F13537BFFA}.Release|Any CPU.ActiveCfg = Release|Any CPU
		{F684C92D-3216-4A82-8961-A5F13537BFFA}.Release|Any CPU.Build.0 = Release|Any CPU
		{708DF136-559C-4C1B-8E80-89992C1052A4}.Debug|Any CPU.ActiveCfg = Debug|Any CPU
		{708DF136-559C-4C1B-8E80-89992C1052A4}.Debug|Any CPU.Build.0 = Debug|Any CPU
		{708DF136-559C-4C1B-8E80-89992C1052A4}.Release|Any CPU.ActiveCfg = Release|Any CPU
		{708DF136-559C-4C1B-8E80-89992C1052A4}.Release|Any CPU.Build.0 = Release|Any CPU
		{2688089F-CD95-448E-BBA9-D48E4798B7D2}.Debug|Any CPU.ActiveCfg = Debug|Any CPU
		{2688089F-CD95-448E-BBA9-D48E4798B7D2}.Debug|Any CPU.Build.0 = Debug|Any CPU
		{2688089F-CD95-448E-BBA9-D48E4798B7D2}.Release|Any CPU.ActiveCfg = Release|Any CPU
		{2688089F-CD95-448E-BBA9-D48E4798B7D2}.Release|Any CPU.Build.0 = Release|Any CPU
		{2C6250D0-3BC9-43E0-B6FD-819FE36FA2D8}.Debug|Any CPU.ActiveCfg = Debug|Any CPU
		{2C6250D0-3BC9-43E0-B6FD-819FE36FA2D8}.Debug|Any CPU.Build.0 = Debug|Any CPU
		{2C6250D0-3BC9-43E0-B6FD-819FE36FA2D8}.Release|Any CPU.ActiveCfg = Release|Any CPU
		{2C6250D0-3BC9-43E0-B6FD-819FE36FA2D8}.Release|Any CPU.Build.0 = Release|Any CPU
		{AD574EF0-A7D9-423A-ACE4-DF615E7780B8}.Debug|Any CPU.ActiveCfg = Debug|Any CPU
		{AD574EF0-A7D9-423A-ACE4-DF615E7780B8}.Debug|Any CPU.Build.0 = Debug|Any CPU
		{AD574EF0-A7D9-423A-ACE4-DF615E7780B8}.Release|Any CPU.ActiveCfg = Release|Any CPU
		{AD574EF0-A7D9-423A-ACE4-DF615E7780B8}.Release|Any CPU.Build.0 = Release|Any CPU
		{DE648069-F574-45BD-BB09-1AA0D5689232}.Debug|Any CPU.ActiveCfg = Debug|Any CPU
		{DE648069-F574-45BD-BB09-1AA0D5689232}.Debug|Any CPU.Build.0 = Debug|Any CPU
		{DE648069-F574-45BD-BB09-1AA0D5689232}.Release|Any CPU.ActiveCfg = Release|Any CPU
		{DE648069-F574-45BD-BB09-1AA0D5689232}.Release|Any CPU.Build.0 = Release|Any CPU
		{BE06790E-5CFA-4F2B-8A4B-7B74471EC40C}.Debug|Any CPU.ActiveCfg = Debug|Any CPU
		{BE06790E-5CFA-4F2B-8A4B-7B74471EC40C}.Debug|Any CPU.Build.0 = Debug|Any CPU
		{BE06790E-5CFA-4F2B-8A4B-7B74471EC40C}.Release|Any CPU.ActiveCfg = Release|Any CPU
		{BE06790E-5CFA-4F2B-8A4B-7B74471EC40C}.Release|Any CPU.Build.0 = Release|Any CPU
		{F5B2B52D-AD69-423E-9BDA-D2BA1F670608}.Debug|Any CPU.ActiveCfg = Debug|Any CPU
		{F5B2B52D-AD69-423E-9BDA-D2BA1F670608}.Debug|Any CPU.Build.0 = Debug|Any CPU
		{F5B2B52D-AD69-423E-9BDA-D2BA1F670608}.Release|Any CPU.ActiveCfg = Release|Any CPU
		{F5B2B52D-AD69-423E-9BDA-D2BA1F670608}.Release|Any CPU.Build.0 = Release|Any CPU
		{7E7EC9E4-B429-4E57-953C-09C0B5D1CD49}.Debug|Any CPU.ActiveCfg = Debug|Any CPU
		{7E7EC9E4-B429-4E57-953C-09C0B5D1CD49}.Debug|Any CPU.Build.0 = Debug|Any CPU
		{7E7EC9E4-B429-4E57-953C-09C0B5D1CD49}.Release|Any CPU.ActiveCfg = Release|Any CPU
		{7E7EC9E4-B429-4E57-953C-09C0B5D1CD49}.Release|Any CPU.Build.0 = Release|Any CPU
		{8780843D-73F4-4406-81C6-191FC2C0101F}.Debug|Any CPU.ActiveCfg = Debug|Any CPU
		{8780843D-73F4-4406-81C6-191FC2C0101F}.Debug|Any CPU.Build.0 = Debug|Any CPU
		{8780843D-73F4-4406-81C6-191FC2C0101F}.Release|Any CPU.ActiveCfg = Release|Any CPU
		{8780843D-73F4-4406-81C6-191FC2C0101F}.Release|Any CPU.Build.0 = Release|Any CPU
	EndGlobalSection
EndGlobal
